
Microsoft Visual Studio Solution File, Format Version 12.00
# Visual Studio Version 17
VisualStudioVersion = 17.0.31903.59
MinimumVisualStudioVersion = 10.0.40219.1
Project("{2150E333-8FDC-42A3-9474-1A3956D46DE8}") = "src", "src", "{827E0CD3-B72D-47B6-A68D-7590B98EB39B}"
EndProject
Project("{2150E333-8FDC-42A3-9474-1A3956D46DE8}") = "Apps", "Apps", "{AD2A5A3B-A595-3E96-334A-002D08FE630C}"
EndProject
Project("{FAE04EC0-301F-11D3-BF4B-00C04F79EFBC}") = "CenteralES.Web", "src\Apps\CenteralES.Web\CenteralES.Web.csproj", "{070EA951-CF9A-4ABE-AF3A-3EB048CC3009}"
EndProject
Project("{FAE04EC0-301F-11D3-BF4B-00C04F79EFBC}") = "CenteralES.Worker", "src\Apps\CenteralES.Worker\CenteralES.Worker.csproj", "{24E2C675-2392-4891-9282-E281ECD8D3D8}"
EndProject
Project("{FAE04EC0-301F-11D3-BF4B-00C04F79EFBC}") = "CenteralES.Domain", "src\Shared\CenteralES.Domain\CenteralES.Domain.csproj", "{DD05D4C1-BC6B-4CA3-9330-ECF9FA873E28}"
EndProject
Project("{FAE04EC0-301F-11D3-BF4B-00C04F79EFBC}") = "CenteralES.Application", "src\Shared\CenteralES.Application\CenteralES.Application.csproj", "{ED0A6B54-C4F6-4DC8-9445-EB5ECE29EF29}"
EndProject
Project("{FAE04EC0-301F-11D3-BF4B-00C04F79EFBC}") = "CenteralES.Infrastructure", "src\Shared\CenteralES.Infrastructure\CenteralES.Infrastructure.csproj", "{4EB5AFE0-3E0E-43B3-9951-2FFFFE16DF1D}"
EndProject
Project("{FAE04EC0-301F-11D3-BF4B-00C04F79EFBC}") = "CenteralES.Processing", "src\Modules\Processing\CenteralES.Processing.csproj", "{C195F35F-6151-4C4F-9376-0738964D33FF}"
EndProject
Project("{FAE04EC0-301F-11D3-BF4B-00C04F79EFBC}") = "CenteralES.PdfStampRecognition", "src\Modules\PdfStampRecognition\CenteralES.PdfStampRecognition.csproj", "{977FAC09-77FB-4765-B010-16C15DC83FA1}"
EndProject
Project("{FAE04EC0-301F-11D3-BF4B-00C04F79EFBC}") = "CenteralES.Storage", "src\Modules\Storage\CenteralES.Storage.csproj", "{FD65A000-F770-4FD8-A487-A512C8A36F7C}"
EndProject
Project("{FAE04EC0-301F-11D3-BF4B-00C04F79EFBC}") = "CenteralES.Admin", "src\Modules\Admin\CenteralES.Admin.csproj", "{4594A57B-3ABC-4A1E-8659-6310134D8727}"
EndProject
Project("{FAE04EC0-301F-11D3-BF4B-00C04F79EFBC}") = "CenteralES.UnitTests", "tests\Unit\CenteralES.UnitTests.csproj", "{EF63D020-A665-43C3-A6F6-678C62BE934F}"
EndProject
Project("{FAE04EC0-301F-11D3-BF4B-00C04F79EFBC}") = "CenteralES.IntegrationTests", "tests\Integration\CenteralES.IntegrationTests.csproj", "{A486618B-9200-4A1E-896A-05D270542A4F}"
EndProject
Global
	GlobalSection(SolutionConfigurationPlatforms) = preSolution
		Debug|Any CPU = Debug|Any CPU
		Debug|x64 = Debug|x64
		Debug|x86 = Debug|x86
		Release|Any CPU = Release|Any CPU
		Release|x64 = Release|x64
		Release|x86 = Release|x86
	EndGlobalSection
	GlobalSection(ProjectConfigurationPlatforms) = postSolution
		{070EA951-CF9A-4ABE-AF3A-3EB048CC3009}.Debug|Any CPU.ActiveCfg = Debug|Any CPU
		{070EA951-CF9A-4ABE-AF3A-3EB048CC3009}.Debug|Any CPU.Build.0 = Debug|Any CPU
		{070EA951-CF9A-4ABE-AF3A-3EB048CC3009}.Debug|x64.ActiveCfg = Debug|Any CPU
		{070EA951-CF9A-4ABE-AF3A-3EB048CC3009}.Debug|x64.Build.0 = Debug|Any CPU
		{070EA951-CF9A-4ABE-AF3A-3EB048CC3009}.Debug|x86.ActiveCfg = Debug|Any CPU
		{070EA951-CF9A-4ABE-AF3A-3EB048CC3009}.Debug|x86.Build.0 = Debug|Any CPU
		{070EA951-CF9A-4ABE-AF3A-3EB048CC3009}.Release|Any CPU.ActiveCfg = Release|Any CPU
		{070EA951-CF9A-4ABE-AF3A-3EB048CC3009}.Release|Any CPU.Build.0 = Release|Any CPU
		{070EA951-CF9A-4ABE-AF3A-3EB048CC3009}.Release|x64.ActiveCfg = Release|Any CPU
		{070EA951-CF9A-4ABE-AF3A-3EB048CC3009}.Release|x64.Build.0 = Release|Any CPU
		{070EA951-CF9A-4ABE-AF3A-3EB048CC3009}.Release|x86.ActiveCfg = Release|Any CPU
		{070EA951-CF9A-4ABE-AF3A-3EB048CC3009}.Release|x86.Build.0 = Release|Any CPU
		{24E2C675-2392-4891-9282-E281ECD8D3D8}.Debug|Any CPU.ActiveCfg = Debug|Any CPU
		{24E2C675-2392-4891-9282-E281ECD8D3D8}.Debug|Any CPU.Build.0 = Debug|Any CPU
		{24E2C675-2392-4891-9282-E281ECD8D3D8}.Debug|x64.ActiveCfg = Debug|Any CPU
		{24E2C675-2392-4891-9282-E281ECD8D3D8}.Debug|x64.Build.0 = Debug|Any CPU
		{24E2C675-2392-4891-9282-E281ECD8D3D8}.Debug|x86.ActiveCfg = Debug|Any CPU
		{24E2C675-2392-4891-9282-E281ECD8D3D8}.Debug|x86.Build.0 = Debug|Any CPU
		{24E2C675-2392-4891-9282-E281ECD8D3D8}.Release|Any CPU.ActiveCfg = Release|Any CPU
		{24E2C675-2392-4891-9282-E281ECD8D3D8}.Release|Any CPU.Build.0 = Release|Any CPU
		{24E2C675-2392-4891-9282-E281ECD8D3D8}.Release|x64.ActiveCfg = Release|Any CPU
		{24E2C675-2392-4891-9282-E281ECD8D3D8}.Release|x64.Build.0 = Release|Any CPU
		{24E2C675-2392-4891-9282-E281ECD8D3D8}.Release|x86.ActiveCfg = Release|Any CPU
		{24E2C675-2392-4891-9282-E281ECD8D3D8}.Release|x86.Build.0 = Release|Any CPU
		{DD05D4C1-BC6B-4CA3-9330-ECF9FA873E28}.Debug|Any CPU.ActiveCfg = Debug|Any CPU
		{DD05D4C1-BC6B-4CA3-9330-ECF9FA873E28}.Debug|Any CPU.Build.0 = Debug|Any CPU
		{DD05D4C1-BC6B-4CA3-9330-ECF9FA873E28}.Debug|x64.ActiveCfg = Debug|Any CPU
		{DD05D4C1-BC6B-4CA3-9330-ECF9FA873E28}.Debug|x64.Build.0 = Debug|Any CPU
		{DD05D4C1-BC6B-4CA3-9330-ECF9FA873E28}.Debug|x86.ActiveCfg = Debug|Any CPU
		{DD05D4C1-BC6B-4CA3-9330-ECF9FA873E28}.Debug|x86.Build.0 = Debug|Any CPU
		{DD05D4C1-BC6B-4CA3-9330-ECF9FA873E28}.Release|Any CPU.ActiveCfg = Release|Any CPU
		{DD05D4C1-BC6B-4CA3-9330-ECF9FA873E28}.Release|Any CPU.Build.0 = Release|Any CPU
		{DD05D4C1-BC6B-4CA3-9330-ECF9FA873E28}.Release|x64.ActiveCfg = Release|Any CPU
		{DD05D4C1-BC6B-4CA3-9330-ECF9FA873E28}.Release|x64.Build.0 = Release|Any CPU
		{DD05D4C1-BC6B-4CA3-9330-ECF9FA873E28}.Release|x86.ActiveCfg = Release|Any CPU
		{DD05D4C1-BC6B-4CA3-9330-ECF9FA873E28}.Release|x86.Build.0 = Release|Any CPU
		{ED0A6B54-C4F6-4DC8-9445-EB5ECE29EF29}.Debug|Any CPU.ActiveCfg = Debug|Any CPU
		{ED0A6B54-C4F6-4DC8-9445-EB5ECE29EF29}.Debug|Any CPU.Build.0 = Debug|Any CPU
		{ED0A6B54-C4F6-4DC8-9445-EB5ECE29EF29}.Debug|x64.ActiveCfg = Debug|Any CPU
		{ED0A6B54-C4F6-4DC8-9445-EB5ECE29EF29}.Debug|x64.Build.0 = Debug|Any CPU
		{ED0A6B54-C4F6-4DC8-9445-EB5ECE29EF29}.Debug|x86.ActiveCfg = Debug|Any CPU
		{ED0A6B54-C4F6-4DC8-9445-EB5ECE29EF29}.Debug|x86.Build.0 = Debug|Any CPU
		{ED0A6B54-C4F6-4DC8-9445-EB5ECE29EF29}.Release|Any CPU.ActiveCfg = Release|Any CPU
		{ED0A6B54-C4F6-4DC8-9445-EB5ECE29EF29}.Release|Any CPU.Build.0 = Release|Any CPU
		{ED0A6B54-C4F6-4DC8-9445-EB5ECE29EF29}.Release|x64.ActiveCfg = Release|Any CPU
		{ED0A6B54-C4F6-4DC8-9445-EB5ECE29EF29}.Release|x64.Build.0 = Release|Any CPU
		{ED0A6B54-C4F6-4DC8-9445-EB5ECE29EF29}.Release|x86.ActiveCfg = Release|Any CPU
		{ED0A6B54-C4F6-4DC8-9445-EB5ECE29EF29}.Release|x86.Build.0 = Release|Any CPU
		{4EB5AFE0-3E0E-43B3-9951-2FFFFE16DF1D}.Debug|Any CPU.ActiveCfg = Debug|Any CPU
		{4EB5AFE0-3E0E-43B3-9951-2FFFFE16DF1D}.Debug|Any CPU.Build.0 = Debug|Any CPU
		{4EB5AFE0-3E0E-43B3-9951-2FFFFE16DF1D}.Debug|x64.ActiveCfg = Debug|Any CPU
		{4EB5AFE0-3E0E-43B3-9951-2FFFFE16DF1D}.Debug|x64.Build.0 = Debug|Any CPU
		{4EB5AFE0-3E0E-43B3-9951-2FFFFE16DF1D}.Debug|x86.ActiveCfg = Debug|Any CPU
		{4EB5AFE0-3E0E-43B3-9951-2FFFFE16DF1D}.Debug|x86.Build.0 = Debug|Any CPU
		{4EB5AFE0-3E0E-43B3-9951-2FFFFE16DF1D}.Release|Any CPU.ActiveCfg = Release|Any CPU
		{4EB5AFE0-3E0E-43B3-9951-2FFFFE16DF1D}.Release|Any CPU.Build.0 = Release|Any CPU
		{4EB5AFE0-3E0E-43B3-9951-2FFFFE16DF1D}.Release|x64.ActiveCfg = Release|Any CPU
		{4EB5AFE0-3E0E-43B3-9951-2FFFFE16DF1D}.Release|x64.Build.0 = Release|Any CPU
		{4EB5AFE0-3E0E-43B3-9951-2FFFFE16DF1D}.Release|x86.ActiveCfg = Release|Any CPU
		{4EB5AFE0-3E0E-43B3-9951-2FFFFE16DF1D}.Release|x86.Build.0 = Release|Any CPU
		{C195F35F-6151-4C4F-9376-0738964D33FF}.Debug|Any CPU.ActiveCfg = Debug|Any CPU
		{C195F35F-6151-4C4F-9376-0738964D33FF}.Debug|Any CPU.Build.0 = Debug|Any CPU
		{C195F35F-6151-4C4F-9376-0738964D33FF}.Debug|x64.ActiveCfg = Debug|Any CPU
		{C195F35F-6151-4C4F-9376-0738964D33FF}.Debug|x64.Build.0 = Debug|Any CPU
		{C195F35F-6151-4C4F-9376-0738964D33FF}.Debug|x86.ActiveCfg = Debug|Any CPU
		{C195F35F-6151-4C4F-9376-0738964D33FF}.Debug|x86.Build.0 = Debug|Any CPU
		{C195F35F-6151-4C4F-9376-0738964D33FF}.Release|Any CPU.ActiveCfg = Release|Any CPU
		{C195F35F-6151-4C4F-9376-0738964D33FF}.Release|Any CPU.Build.0 = Release|Any CPU
		{C195F35F-6151-4C4F-9376-0738964D33FF}.Release|x64.ActiveCfg = Release|Any CPU
		{C195F35F-6151-4C4F-9376-0738964D33FF}.Release|x64.Build.0 = Release|Any CPU
		{C195F35F-6151-4C4F-9376-0738964D33FF}.Release|x86.ActiveCfg = Release|Any CPU
		{C195F35F-6151-4C4F-9376-0738964D33FF}.Release|x86.Build.0 = Release|Any CPU
		{977FAC09-77FB-4765-B010-16C15DC83FA1}.Debug|Any CPU.ActiveCfg = Debug|Any CPU
		{977FAC09-77FB-4765-B010-16C15DC83FA1}.Debug|Any CPU.Build.0 = Debug|Any CPU
		{977FAC09-77FB-4765-B010-16C15DC83FA1}.Debug|x64.ActiveCfg = Debug|Any CPU
		{977FAC09-77FB-4765-B010-16C15DC83FA1}.Debug|x64.Build.0 = Debug|Any CPU
		{977FAC09-77FB-4765-B010-16C15DC83FA1}.Debug|x86.ActiveCfg = Debug|Any CPU
		{977FAC09-77FB-4765-B010-16C15DC83FA1}.Debug|x86.Build.0 = Debug|Any CPU
		{977FAC09-77FB-4765-B010-16C15DC83FA1}.Release|Any CPU.ActiveCfg = Release|Any CPU
		{977FAC09-77FB-4765-B010-16C15DC83FA1}.Release|Any CPU.Build.0 = Release|Any CPU
		{977FAC09-77FB-4765-B010-16C15DC83FA1}.Release|x64.ActiveCfg = Release|Any CPU
		{977FAC09-77FB-4765-B010-16C15DC83FA1}.Release|x64.Build.0 = Release|Any CPU
		{977FAC09-77FB-4765-B010-16C15DC83FA1}.Release|x86.ActiveCfg = Release|Any CPU
		{977FAC09-77FB-4765-B010-16C15DC83FA1}.Release|x86.Build.0 = Release|Any CPU
		{FD65A000-F770-4FD8-A487-A512C8A36F7C}.Debug|Any CPU.ActiveCfg = Debug|Any CPU
		{FD65A000-F770-4FD8-A487-A512C8A36F7C}.Debug|Any CPU.Build.0 = Debug|Any CPU
		{FD65A000-F770-4FD8-A487-A512C8A36F7C}.Debug|x64.ActiveCfg = Debug|Any CPU
		{FD65A000-F770-4FD8-A487-A512C8A36F7C}.Debug|x64.Build.0 = Debug|Any CPU
		{FD65A000-F770-4FD8-A487-A512C8A36F7C}.Debug|x86.ActiveCfg = Debug|Any CPU
		{FD65A000-F770-4FD8-A487-A512C8A36F7C}.Debug|x86.Build.0 = Debug|Any CPU
		{FD65A000-F770-4FD8-A487-A512C8A36F7C}.Release|Any CPU.ActiveCfg = Release|Any CPU
		{FD65A000-F770-4FD8-A487-A512C8A36F7C}.Release|Any CPU.Build.0 = Release|Any CPU
		{FD65A000-F770-4FD8-A487-A512C8A36F7C}.Release|x64.ActiveCfg = Release|Any CPU
		{FD65A000-F770-4FD8-A487-A512C8A36F7C}.Release|x64.Build.0 = Release|Any CPU
		{FD65A000-F770-4FD8-A487-A512C8A36F7C}.Release|x86.ActiveCfg = Release|Any CPU
		{FD65A000-F770-4FD8-A487-A512C8A36F7C}.Release|x86.Build.0 = Release|Any CPU
		{4594A57B-3ABC-4A1E-8659-6310134D8727}.Debug|Any CPU.ActiveCfg = Debug|Any CPU
		{4594A57B-3ABC-4A1E-8659-6310134D8727}.Debug|Any CPU.Build.0 = Debug|Any CPU
		{4594A57B-3ABC-4A1E-8659-6310134D8727}.Debug|x64.ActiveCfg = Debug|Any CPU
		{4594A57B-3ABC-4A1E-8659-6310134D8727}.Debug|x64.Build.0 = Debug|Any CPU
		{4594A57B-3ABC-4A1E-8659-6310134D8727}.Debug|x86.ActiveCfg = Debug|Any CPU
		{4594A57B-3ABC-4A1E-8659-6310134D8727}.Debug|x86.Build.0 = Debug|Any CPU
		{4594A57B-3ABC-4A1E-8659-6310134D8727}.Release|Any CPU.ActiveCfg = Release|Any CPU
		{4594A57B-3ABC-4A1E-8659-6310134D8727}.Release|Any CPU.Build.0 = Release|Any CPU
		{4594A57B-3ABC-4A1E-8659-6310134D8727}.Release|x64.ActiveCfg = Release|Any CPU
		{4594A57B-3ABC-4A1E-8659-6310134D8727}.Release|x64.Build.0 = Release|Any CPU
		{4594A57B-3ABC-4A1E-8659-6310134D8727}.Release|x86.ActiveCfg = Release|Any CPU
		{4594A57B-3ABC-4A1E-8659-6310134D8727}.Release|x86.Build.0 = Release|Any CPU
		{EF63D020-A665-43C3-A6F6-678C62BE934F}.Debug|Any CPU.ActiveCfg = Debug|Any CPU
		{EF63D020-A665-43C3-A6F6-678C62BE934F}.Debug|Any CPU.Build.0 = Debug|Any CPU
		{EF63D020-A665-43C3-A6F6-678C62BE934F}.Debug|x64.ActiveCfg = Debug|Any CPU
		{EF63D020-A665-43C3-A6F6-678C62BE934F}.Debug|x64.Build.0 = Debug|Any CPU
		{EF63D020-A665-43C3-A6F6-678C62BE934F}.Debug|x86.ActiveCfg = Debug|Any CPU
		{EF63D020-A665-43C3-A6F6-678C62BE934F}.Debug|x86.Build.0 = Debug|Any CPU
		{EF63D020-A665-43C3-A6F6-678C62BE934F}.Release|Any CPU.ActiveCfg = Release|Any CPU
		{EF63D020-A665-43C3-A6F6-678C62BE934F}.Release|Any CPU.Build.0 = Release|Any CPU
		{EF63D020-A665-43C3-A6F6-678C62BE934F}.Release|x64.ActiveCfg = Release|Any CPU
		{EF63D020-A665-43C3-A6F6-678C62BE934F}.Release|x64.Build.0 = Release|Any CPU
		{EF63D020-A665-43C3-A6F6-678C62BE934F}.Release|x86.ActiveCfg = Release|Any CPU
		{EF63D020-A665-43C3-A6F6-678C62BE934F}.Release|x86.Build.0 = Release|Any CPU
		{A486618B-9200-4A1E-896A-05D270542A4F}.Debug|Any CPU.ActiveCfg = Debug|Any CPU
		{A486618B-9200-4A1E-896A-05D270542A4F}.Debug|Any CPU.Build.0 = Debug|Any CPU
		{A486618B-9200-4A1E-896A-05D270542A4F}.Debug|x64.ActiveCfg = Debug|Any CPU
		{A486618B-9200-4A1E-896A-05D270542A4F}.Debug|x64.Build.0 = Debug|Any CPU
		{A486618B-9200-4A1E-896A-05D270542A4F}.Debug|x86.ActiveCfg = Debug|Any CPU
		{A486618B-9200-4A1E-896A-05D270542A4F}.Debug|x86.Build.0 = Debug|Any CPU
		{A486618B-9200-4A1E-896A-05D270542A4F}.Release|Any CPU.ActiveCfg = Release|Any CPU
		{A486618B-9200-4A1E-896A-05D270542A4F}.Release|Any CPU.Build.0 = Release|Any CPU
		{A486618B-9200-4A1E-896A-05D270542A4F}.Release|x64.ActiveCfg = Release|Any CPU
		{A486618B-9200-4A1E-896A-05D270542A4F}.Release|x64.Build.0 = Release|Any CPU
		{A486618B-9200-4A1E-896A-05D270542A4F}.Release|x86.ActiveCfg = Release|Any CPU
		{A486618B-9200-4A1E-896A-05D270542A4F}.Release|x86.Build.0 = Release|Any CPU
	EndGlobalSection
	GlobalSection(SolutionProperties) = preSolution
		HideSolutionNode = FALSE
	EndGlobalSection
	GlobalSection(NestedProjects) = preSolution
		{AD2A5A3B-A595-3E96-334A-002D08FE630C} = {827E0CD3-B72D-47B6-A68D-7590B98EB39B}
		{070EA951-CF9A-4ABE-AF3A-3EB048CC3009} = {AD2A5A3B-A595-3E96-334A-002D08FE630C}
		{24E2C675-2392-4891-9282-E281ECD8D3D8} = {AD2A5A3B-A595-3E96-334A-002D08FE630C}
		{DD05D4C1-BC6B-4CA3-9330-ECF9FA873E28} = {AD2A5A3B-A595-3E96-334A-002D08FE630C}
		{ED0A6B54-C4F6-4DC8-9445-EB5ECE29EF29} = {AD2A5A3B-A595-3E96-334A-002D08FE630C}
		{4EB5AFE0-3E0E-43B3-9951-2FFFFE16DF1D} = {AD2A5A3B-A595-3E96-334A-002D08FE630C}
		{C195F35F-6151-4C4F-9376-0738964D33FF} = {AD2A5A3B-A595-3E96-334A-002D08FE630C}
		{977FAC09-77FB-4765-B010-16C15DC83FA1} = {AD2A5A3B-A595-3E96-334A-002D08FE630C}
		{FD65A000-F770-4FD8-A487-A512C8A36F7C} = {AD2A5A3B-A595-3E96-334A-002D08FE630C}
		{4594A57B-3ABC-4A1E-8659-6310134D8727} = {AD2A5A3B-A595-3E96-334A-002D08FE630C}
		{EF63D020-A665-43C3-A6F6-678C62BE934F} = {AD2A5A3B-A595-3E96-334A-002D08FE630C}
		{A486618B-9200-4A1E-896A-05D270542A4F} = {AD2A5A3B-A595-3E96-334A-002D08FE630C}
	EndGlobalSection
EndGlobal
